
Microsoft Visual Studio Solution File, Format Version 12.00
# Visual Studio Version 16
VisualStudioVersion = 16.0.30717.126
MinimumVisualStudioVersion = 10.0.40219.1
Project("{8BC9CEB8-8B4A-11D0-8D11-00A0C91BC942}") = "TCP_client", "TCP_client\TCP_client.vcxproj", "{90544861-A31F-4639-9C88-E8151536377C}"
EndProject
Project("{8BC9CEB8-8B4A-11D0-8D11-00A0C91BC942}") = "TCP_server", "TCP_server\TCP_server.vcxproj", "{7A4AAC9D-93F2-48F0-9091-9C45086786E8}"
EndProject
Global
	GlobalSection(SolutionConfigurationPlatforms) = preSolution
		Debug|x64 = Debug|x64
		Debug|x86 = Debug|x86
		Release|x64 = Release|x64
		Release|x86 = Release|x86
	EndGlobalSection
	GlobalSection(ProjectConfigurationPlatforms) = postSolution
		{90544861-A31F-4639-9C88-E8151536377C}.Debug|x64.ActiveCfg = Debug|x64
		{90544861-A31F-4639-9C88-E8151536377C}.Debug|x64.Build.0 = Debug|x64
		{90544861-A31F-4639-9C88-E8151536377C}.Debug|x86.ActiveCfg = Debug|Win32
		{90544861-A31F-4639-9C88-E8151536377C}.Debug|x86.Build.0 = Debug|Win32
		{90544861-A31F-4639-9C88-E8151536377C}.Release|x64.ActiveCfg = Release|x64
		{90544861-A31F-4639-9C88-E8151536377C}.Release|x64.Build.0 = Release|x64
		{90544861-A31F-4639-9C88-E8151536377C}.Release|x86.ActiveCfg = Release|Win32
		{90544861-A31F-4639-9C88-E8151536377C}.Release|x86.Build.0 = Release|Win32
		{7A4AAC9D-93F2-48F0-9091-9C45086786E8}.Debug|x64.ActiveCfg = Debug|x64
		{7A4AAC9D-93F2-48F0-9091-9C45086786E8}.Debug|x64.Build.0 = Debug|x64
		{7A4AAC9D-93F2-48F0-9091-9C45086786E8}.Debug|x86.ActiveCfg = Debug|Win32
		{7A4AAC9D-93F2-48F0-9091-9C45086786E8}.Debug|x86.Build.0 = Debug|Win32
		{7A4AAC9D-93F2-48F0-9091-9C45086786E8}.Release|x64.ActiveCfg = Release|x64
		{7A4AAC9D-93F2-48F0-9091-9C45086786E8}.Release|x64.Build.0 = Release|x64
		{7A4AAC9D-93F2-48F0-9091-9C45086786E8}.Release|x86.ActiveCfg = Release|Win32
		{7A4AAC9D-93F2-48F0-9091-9C45086786E8}.Release|x86.Build.0 = Release|Win32
	EndGlobalSection
	GlobalSection(SolutionProperties) = preSolution
		HideSolutionNode = FALSE
	EndGlobalSection
	GlobalSection(ExtensibilityGlobals) = postSolution
		SolutionGuid = {501FEF2F-E431-4294-8952-BCC0E1D916BC}
	EndGlobalSection
EndGlobal
